
Microsoft Visual Studio Solution File, Format Version 12.00
# Visual Studio 14
VisualStudioVersion = 14.0.25420.1
MinimumVisualStudioVersion = 10.0.40219.1
Project("{FAE04EC0-301F-11D3-BF4B-00C04F79EFBC}") = "AtherveCourier", "AtherveCourier\AtherveCourier.csproj", "{1F70B908-C1B7-4E97-B72D-46B4BD11D2F3}"
EndProject
Global
	GlobalSection(SolutionConfigurationPlatforms) = preSolution
		Debug|Any CPU = Debug|Any CPU
		Release|Any CPU = Release|Any CPU
	EndGlobalSection
	GlobalSection(ProjectConfigurationPlatforms) = postSolution
		{1F70B908-C1B7-4E97-B72D-46B4BD11D2F3}.Debug|Any CPU.ActiveCfg = Debug|Any CPU
		{1F70B908-C1B7-4E97-B72D-46B4BD11D2F3}.Debug|Any CPU.Build.0 = Debug|Any CPU
		{1F70B908-C1B7-4E97-B72D-46B4BD11D2F3}.Release|Any CPU.ActiveCfg = Release|Any CPU
		{1F70B908-C1B7-4E97-B72D-46B4BD11D2F3}.Release|Any CPU.Build.0 = Release|Any CPU
	EndGlobalSection
	GlobalSection(SolutionProperties) = preSolution
		HideSolutionNode = FALSE
	EndGlobalSection
EndGlobal
